{
  "name": "st.db",
  "version": "6.0.0",
  "lockfileVersion": 2,
  "requires": true,
  "packages": {
    "": {
      "name": "st.db",
      "version": "6.0.0",
      "license": "CC BY-NC-ND 4.0",
      "dependencies": {
        "string-crypto": "^2.0.2",
        "yaml": "^2.2.1"
      },
      "devDependencies": {
        "@types/node": "^18.7.6"
      }
    },
    "node_modules/@types/node": {
      "version": "18.11.18",
      "resolved": "https://registry.npmjs.org/@types/node/-/node-18.11.18.tgz",
      "integrity": "sha512-DHQpWGjyQKSHj3ebjFI/wRKcqQcdR+MoFBygntYOZytCqNfkd2ZC4ARDJ2DQqhjH5p85Nnd3jhUJIXrszFX/JA==",
      "dev": true
    },
    "node_modules/string-crypto": {
      "version": "2.0.2",
      "resolved": "https://registry.npmjs.org/string-crypto/-/string-crypto-2.0.2.tgz",
      "integrity": "sha512-LhWeKBSpThCr/XEIltPNNfg9Rp10Ei/xPYANF2Y4ezaoXuF0fOU2vjwRfcaK1kgavkKkBqMWvh222cscP9myCA=="
    },
    "node_modules/yaml": {
      "version": "2.2.1",
      "resolved": "https://registry.npmjs.org/yaml/-/yaml-2.2.1.tgz",
      "integrity": "sha512-e0WHiYql7+9wr4cWMx3TVQrNwejKaEe7/rHNmQmqRjazfOP5W8PB6Jpebb5o6fIapbz9o9+2ipcaTM2ZwDI6lw==",
      "engines": {
        "node": ">= 14"
      }
    }
  },
  "dependencies": {
    "@types/node": {
      "version": "18.11.18",
      "resolved": "https://registry.npmjs.org/@types/node/-/node-18.11.18.tgz",
      "integrity": "sha512-DHQpWGjyQKSHj3ebjFI/wRKcqQcdR+MoFBygntYOZytCqNfkd2ZC4ARDJ2DQqhjH5p85Nnd3jhUJIXrszFX/JA==",
      "dev": true
    },
    "string-crypto": {
      "version": "2.0.2",
      "resolved": "https://registry.npmjs.org/string-crypto/-/string-crypto-2.0.2.tgz",
      "integrity": "sha512-LhWeKBSpThCr/XEIltPNNfg9Rp10Ei/xPYANF2Y4ezaoXuF0fOU2vjwRfcaK1kgavkKkBqMWvh222cscP9myCA=="
    },
    "yaml": {
      "version": "2.2.1",
      "resolved": "https://registry.npmjs.org/yaml/-/yaml-2.2.1.tgz",
      "integrity": "sha512-e0WHiYql7+9wr4cWMx3TVQrNwejKaEe7/rHNmQmqRjazfOP5W8PB6Jpebb5o6fIapbz9o9+2ipcaTM2ZwDI6lw=="
    }
  }
}
